
Microsoft Visual Studio Solution File, Format Version 11.00
# Visual Studio 2010
Project("{FAE04EC0-301F-11D3-BF4B-00C04F79EFBC}") = "Assembly-CSharp", "Assembly-CSharp.csproj", "{799214FC-70B7-BD75-118E-52FEA80E83EC}"
EndProject
Project("{FAE04EC0-301F-11D3-BF4B-00C04F79EFBC}") = "Assembly-CSharp-Editor", "Assembly-CSharp-Editor.csproj", "{3010CDE6-7161-8AB2-EBAA-24560AC5B676}"
EndProject
Global
	GlobalSection(SolutionConfigurationPlatforms) = preSolution
		Debug|Any CPU = Debug|Any CPU
		Release|Any CPU = Release|Any CPU
	EndGlobalSection
	GlobalSection(ProjectConfigurationPlatforms) = postSolution
		{799214FC-70B7-BD75-118E-52FEA80E83EC}.Debug|Any CPU.ActiveCfg = Debug|Any CPU
		{799214FC-70B7-BD75-118E-52FEA80E83EC}.Debug|Any CPU.Build.0 = Debug|Any CPU
		{799214FC-70B7-BD75-118E-52FEA80E83EC}.Release|Any CPU.ActiveCfg = Release|Any CPU
		{799214FC-70B7-BD75-118E-52FEA80E83EC}.Release|Any CPU.Build.0 = Release|Any CPU
		{3010CDE6-7161-8AB2-EBAA-24560AC5B676}.Debug|Any CPU.ActiveCfg = Debug|Any CPU
		{3010CDE6-7161-8AB2-EBAA-24560AC5B676}.Debug|Any CPU.Build.0 = Debug|Any CPU
		{3010CDE6-7161-8AB2-EBAA-24560AC5B676}.Release|Any CPU.ActiveCfg = Release|Any CPU
		{3010CDE6-7161-8AB2-EBAA-24560AC5B676}.Release|Any CPU.Build.0 = Release|Any CPU
	EndGlobalSection
	GlobalSection(SolutionProperties) = preSolution
		HideSolutionNode = FALSE
	EndGlobalSection
	GlobalSection(MonoDevelopProperties) = preSolution
		StartupItem = Assembly-CSharp.csproj
	EndGlobalSection
EndGlobal
